
Microsoft Visual Studio Solution File, Format Version 12.00
# Visual Studio Version 16
VisualStudioVersion = 16.0.31112.23
MinimumVisualStudioVersion = 10.0.40219.1
Project("{FAE04EC0-301F-11D3-BF4B-00C04F79EFBC}") = "Prueba-Lisit", "Prueba-Lisit\Prueba-Lisit.csproj", "{4474C5B4-F857-44A6-AAEB-155C4DBC3C2A}"
EndProject
Global
	GlobalSection(SolutionConfigurationPlatforms) = preSolution
		Debug|Any CPU = Debug|Any CPU
		Release|Any CPU = Release|Any CPU
	EndGlobalSection
	GlobalSection(ProjectConfigurationPlatforms) = postSolution
		{4474C5B4-F857-44A6-AAEB-155C4DBC3C2A}.Debug|Any CPU.ActiveCfg = Debug|Any CPU
		{4474C5B4-F857-44A6-AAEB-155C4DBC3C2A}.Debug|Any CPU.Build.0 = Debug|Any CPU
		{4474C5B4-F857-44A6-AAEB-155C4DBC3C2A}.Release|Any CPU.ActiveCfg = Release|Any CPU
		{4474C5B4-F857-44A6-AAEB-155C4DBC3C2A}.Release|Any CPU.Build.0 = Release|Any CPU
	EndGlobalSection
	GlobalSection(SolutionProperties) = preSolution
		HideSolutionNode = FALSE
	EndGlobalSection
	GlobalSection(ExtensibilityGlobals) = postSolution
		SolutionGuid = {FFFC32A3-3A9D-4104-BC4B-3724EDC9EAA5}
	EndGlobalSection
EndGlobal
